
Microsoft Visual Studio Solution File, Format Version 12.00
# Visual Studio Version 17
VisualStudioVersion = 17.11.35303.130
MinimumVisualStudioVersion = 10.0.40219.1
Project("{FAE04EC0-301F-11D3-BF4B-00C04F79EFBC}") = "exercicio7", "exercicio7\exercicio7.csproj", "{F3A9DC99-8A66-4F98-821C-240E391350CC}"
EndProject
Global
	GlobalSection(SolutionConfigurationPlatforms) = preSolution
		Debug|Any CPU = Debug|Any CPU
		Release|Any CPU = Release|Any CPU
	EndGlobalSection
	GlobalSection(ProjectConfigurationPlatforms) = postSolution
		{F3A9DC99-8A66-4F98-821C-240E391350CC}.Debug|Any CPU.ActiveCfg = Debug|Any CPU
		{F3A9DC99-8A66-4F98-821C-240E391350CC}.Debug|Any CPU.Build.0 = Debug|Any CPU
		{F3A9DC99-8A66-4F98-821C-240E391350CC}.Release|Any CPU.ActiveCfg = Release|Any CPU
		{F3A9DC99-8A66-4F98-821C-240E391350CC}.Release|Any CPU.Build.0 = Release|Any CPU
	EndGlobalSection
	GlobalSection(SolutionProperties) = preSolution
		HideSolutionNode = FALSE
	EndGlobalSection
	GlobalSection(ExtensibilityGlobals) = postSolution
		SolutionGuid = {E7B7CEEB-8904-4B01-8CDE-CF3B50FEF56F}
	EndGlobalSection
EndGlobal
